{
  "pins" : [
    {
      "identity" : "aeextensionkit",
      "kind" : "remoteSourceControl",
      "location" : "https://github.com/AuroraEditor/AEExtensionKit.git",
      "state" : {
        "branch" : "main",
        "revision" : "125fb02a7e4094c1836659809779c298d2ca976a"
      }
    }
  ],
  "version" : 2
}
